
Microsoft Visual Studio Solution File, Format Version 12.00
Project("{FAE04EC0-301F-11D3-BF4B-00C04F79EFBC}") = "TestRunner", "TestRunner\TestRunner.csproj", "{32753BEA-4146-4C50-BE9D-2A2A13BA3032}"
EndProject
Project("{FAE04EC0-301F-11D3-BF4B-00C04F79EFBC}") = "ProjectForTesting", "ProjectForTesting\ProjectForTesting.csproj", "{9991F1D8-4C22-4FC8-86E3-E3AD2E623D2F}"
EndProject
Project("{FAE04EC0-301F-11D3-BF4B-00C04F79EFBC}") = "TestsForProject", "TestsForProject\TestsForProject.csproj", "{7BD9697F-3769-4A92-B968-B82DB244CB36}"
EndProject
Project("{FAE04EC0-301F-11D3-BF4B-00C04F79EFBC}") = "TestingFramework", "TestingFramework\TestingFramework.csproj", "{C3D43960-C740-4CC0-AA85-F670498447CC}"
EndProject
Global
	GlobalSection(SolutionConfigurationPlatforms) = preSolution
		Debug|Any CPU = Debug|Any CPU
		Release|Any CPU = Release|Any CPU
	EndGlobalSection
	GlobalSection(ProjectConfigurationPlatforms) = postSolution
		{32753BEA-4146-4C50-BE9D-2A2A13BA3032}.Debug|Any CPU.ActiveCfg = Debug|Any CPU
		{32753BEA-4146-4C50-BE9D-2A2A13BA3032}.Debug|Any CPU.Build.0 = Debug|Any CPU
		{32753BEA-4146-4C50-BE9D-2A2A13BA3032}.Release|Any CPU.ActiveCfg = Release|Any CPU
		{32753BEA-4146-4C50-BE9D-2A2A13BA3032}.Release|Any CPU.Build.0 = Release|Any CPU
		{9991F1D8-4C22-4FC8-86E3-E3AD2E623D2F}.Debug|Any CPU.ActiveCfg = Debug|Any CPU
		{9991F1D8-4C22-4FC8-86E3-E3AD2E623D2F}.Debug|Any CPU.Build.0 = Debug|Any CPU
		{9991F1D8-4C22-4FC8-86E3-E3AD2E623D2F}.Release|Any CPU.ActiveCfg = Release|Any CPU
		{9991F1D8-4C22-4FC8-86E3-E3AD2E623D2F}.Release|Any CPU.Build.0 = Release|Any CPU
		{7BD9697F-3769-4A92-B968-B82DB244CB36}.Debug|Any CPU.ActiveCfg = Debug|Any CPU
		{7BD9697F-3769-4A92-B968-B82DB244CB36}.Debug|Any CPU.Build.0 = Debug|Any CPU
		{7BD9697F-3769-4A92-B968-B82DB244CB36}.Release|Any CPU.ActiveCfg = Release|Any CPU
		{7BD9697F-3769-4A92-B968-B82DB244CB36}.Release|Any CPU.Build.0 = Release|Any CPU
		{C3D43960-C740-4CC0-AA85-F670498447CC}.Debug|Any CPU.ActiveCfg = Debug|Any CPU
		{C3D43960-C740-4CC0-AA85-F670498447CC}.Debug|Any CPU.Build.0 = Debug|Any CPU
		{C3D43960-C740-4CC0-AA85-F670498447CC}.Release|Any CPU.ActiveCfg = Release|Any CPU
		{C3D43960-C740-4CC0-AA85-F670498447CC}.Release|Any CPU.Build.0 = Release|Any CPU
	EndGlobalSection
EndGlobal
